{
  "name": "test-ladjs-country-language",
  "lockfileVersion": 3,
  "requires": true,
  "packages": {
    "": {
      "dependencies": {
        "@ladjs/country-language": "^1.0.3"
      }
    },
    "node_modules/@ladjs/country-language": {
      "version": "1.0.3",
      "resolved": "https://registry.npmjs.org/@ladjs/country-language/-/country-language-1.0.3.tgz",
      "integrity": "sha512-FJROu9/hh4eqVAGDyfL8vpv6Vb0qKHX1ozYLRZ+beUzD5xFf+3r0J+SVIWKviEa7W524Qvqou+ta1WrsRgzxGw==",
      "license": "MIT",
      "engines": {
        "node": ">= 14"
      }
    }
  }
}
